
Microsoft Visual Studio Solution File, Format Version 12.00
# Visual Studio Version 17
VisualStudioVersion = 17.13.35931.197 d17.13
MinimumVisualStudioVersion = 10.0.40219.1
Project("{FAE04EC0-301F-11D3-BF4B-00C04F79EFBC}") = "habilitations2025", "habilitations2025\habilitations2025.csproj", "{27D0ACF2-9119-4354-A00A-12E26E8229DC}"
EndProject
Global
	GlobalSection(SolutionConfigurationPlatforms) = preSolution
		Debug|Any CPU = Debug|Any CPU
		Release|Any CPU = Release|Any CPU
	EndGlobalSection
	GlobalSection(ProjectConfigurationPlatforms) = postSolution
		{27D0ACF2-9119-4354-A00A-12E26E8229DC}.Debug|Any CPU.ActiveCfg = Debug|Any CPU
		{27D0ACF2-9119-4354-A00A-12E26E8229DC}.Debug|Any CPU.Build.0 = Debug|Any CPU
		{27D0ACF2-9119-4354-A00A-12E26E8229DC}.Release|Any CPU.ActiveCfg = Release|Any CPU
		{27D0ACF2-9119-4354-A00A-12E26E8229DC}.Release|Any CPU.Build.0 = Release|Any CPU
	EndGlobalSection
	GlobalSection(SolutionProperties) = preSolution
		HideSolutionNode = FALSE
	EndGlobalSection
	GlobalSection(ExtensibilityGlobals) = postSolution
		SolutionGuid = {F321B218-13AB-479C-A89D-70E1595A17F0}
	EndGlobalSection
EndGlobal
